// !$*UTF8*$!
{
	archiveVersion = 1;
	classes = {
	};
	objectVersion = 77;
	objects = {

/* Begin PBXContainerItemProxy section */
		3903B1632DD1095B008DEA7E /* PBXContainerItemProxy */ = {
			isa = PBXContainerItemProxy;
			containerPortal = 3903B14C2DD1095A008DEA7E /* Project object */;
			proxyType = 1;
			remoteGlobalIDString = 3903B1532DD1095A008DEA7E;
			remoteInfo = OdooTimer;
		};
		3903B16D2DD1095B008DEA7E /* PBXContainerItemProxy */ = {
			isa = PBXContainerItemProxy;
			containerPortal = 3903B14C2DD1095A008DEA7E /* Project object */;
			proxyType = 1;
			remoteGlobalIDString = 3903B1532DD1095A008DEA7E;
			remoteInfo = OdooTimer;
		};
/* End PBXContainerItemProxy section */

/* Begin PBXFileReference section */
		3903B1542DD1095A008DEA7E /* OdooTimer.app */ = {isa = PBXFileReference; explicitFileType = wrapper.application; includeInIndex = 0; path = OdooTimer.app; sourceTree = BUILT_PRODUCTS_DIR; };
		3903B1622DD1095B008DEA7E /* OdooTimerTests.xctest */ = {isa = PBXFileReference; explicitFileType = wrapper.cfbundle; includeInIndex = 0; path = OdooTimerTests.xctest; sourceTree = BUILT_PRODUCTS_DIR; };
		3903B16C2DD1095B008DEA7E /* OdooTimerUITests.xctest */ = {isa = PBXFileReference; explicitFileType = wrapper.cfbundle; includeInIndex = 0; path = OdooTimerUITests.xctest; sourceTree = BUILT_PRODUCTS_DIR; };
/* End PBXFileReference section */

/* Begin PBXFileSystemSynchronizedRootGroup section */
		3903B1562DD1095A008DEA7E /* OdooTimer */ = {
			isa = PBXFileSystemSynchronizedRootGroup;
			path = OdooTimer;
			sourceTree = "<group>";
		};
		3903B1652DD1095B008DEA7E /* OdooTimerTests */ = {
			isa = PBXFileSystemSynchronizedRootGroup;
			path = OdooTimerTests;
			sourceTree = "<group>";
		};
		3903B16F2DD1095B008DEA7E /* OdooTimerUITests */ = {
			isa = PBXFileSystemSynchronizedRootGroup;
			path = OdooTimerUITests;
			sourceTree = "<group>";
		};
/* End PBXFileSystemSynchronizedRootGroup section */

/* Begin PBXFrameworksBuildPhase section */
		3903B1512DD1095A008DEA7E /* Frameworks */ = {
			isa = PBXFrameworksBuildPhase;
			buildActionMask = 2147483647;
			files = (
			);
			runOnlyForDeploymentPostprocessing = 0;
		};
		3903B15F2DD1095B008DEA7E /* Frameworks */ = {
			isa = PBXFrameworksBuildPhase;
			buildActionMask = 2147483647;
			files = (
			);
			runOnlyForDeploymentPostprocessing = 0;
		};
		3903B1692DD1095B008DEA7E /* Frameworks */ = {
			isa = PBXFrameworksBuildPhase;
			buildActionMask = 2147483647;
			files = (
			);
			runOnlyForDeploymentPostprocessing = 0;
		};
/* End PBXFrameworksBuildPhase section */

/* Begin PBXGroup section */
		3903B14B2DD1095A008DEA7E = {
			isa = PBXGroup;
			children = (
				3903B1562DD1095A008DEA7E /* OdooTimer */,
				3903B1652DD1095B008DEA7E /* OdooTimerTests */,
				3903B16F2DD1095B008DEA7E /* OdooTimerUITests */,
				3903B1552DD1095A008DEA7E /* Products */,
			);
			sourceTree = "<group>";
		};
		3903B1552DD1095A008DEA7E /* Products */ = {
			isa = PBXGroup;
			children = (
				3903B1542DD1095A008DEA7E /* OdooTimer.app */,
				3903B1622DD1095B008DEA7E /* OdooTimerTests.xctest */,
				3903B16C2DD1095B008DEA7E /* OdooTimerUITests.xctest */,
			);
			name = Products;
			sourceTree = "<group>";
		};
/* End PBXGroup section */

/* Begin PBXNativeTarget section */
		3903B1532DD1095A008DEA7E /* OdooTimer */ = {
			isa = PBXNativeTarget;
			buildConfigurationList = 3903B1762DD1095B008DEA7E /* Build configuration list for PBXNativeTarget "OdooTimer" */;
			buildPhases = (
				3903B1502DD1095A008DEA7E /* Sources */,
				3903B1512DD1095A008DEA7E /* Frameworks */,
				3903B1522DD1095A008DEA7E /* Resources */,
			);
			buildRules = (
			);
			dependencies = (
			);
			fileSystemSynchronizedGroups = (
				3903B1562DD1095A008DEA7E /* OdooTimer */,
			);
			name = OdooTimer;
			packageProductDependencies = (
			);
			productName = OdooTimer;
			productReference = 3903B1542DD1095A008DEA7E /* OdooTimer.app */;
			productType = "com.apple.product-type.application";
		};
		3903B1612DD1095B008DEA7E /* OdooTimerTests */ = {
			isa = PBXNativeTarget;
			buildConfigurationList = 3903B1792DD1095B008DEA7E /* Build configuration list for PBXNativeTarget "OdooTimerTests" */;
			buildPhases = (
				3903B15E2DD1095B008DEA7E /* Sources */,
				3903B15F2DD1095B008DEA7E /* Frameworks */,
				3903B1602DD1095B008DEA7E /* Resources */,
			);
			buildRules = (
			);
			dependencies = (
				3903B1642DD1095B008DEA7E /* PBXTargetDependency */,
			);
			fileSystemSynchronizedGroups = (
				3903B1652DD1095B008DEA7E /* OdooTimerTests */,
			);
			name = OdooTimerTests;
			packageProductDependencies = (
			);
			productName = OdooTimerTests;
			productReference = 3903B1622DD1095B008DEA7E /* OdooTimerTests.xctest */;
			productType = "com.apple.product-type.bundle.unit-test";
		};
		3903B16B2DD1095B008DEA7E /* OdooTimerUITests */ = {
			isa = PBXNativeTarget;
			buildConfigurationList = 3903B17C2DD1095B008DEA7E /* Build configuration list for PBXNativeTarget "OdooTimerUITests" */;
			buildPhases = (
				3903B1682DD1095B008DEA7E /* Sources */,
				3903B1692DD1095B008DEA7E /* Frameworks */,
				3903B16A2DD1095B008DEA7E /* Resources */,
			);
			buildRules = (
			);
			dependencies = (
				3903B16E2DD1095B008DEA7E /* PBXTargetDependency */,
			);
			fileSystemSynchronizedGroups = (
				3903B16F2DD1095B008DEA7E /* OdooTimerUITests */,
			);
			name = OdooTimerUITests;
			packageProductDependencies = (
			);
			productName = OdooTimerUITests;
			productReference = 3903B16C2DD1095B008DEA7E /* OdooTimerUITests.xctest */;
			productType = "com.apple.product-type.bundle.ui-testing";
		};
/* End PBXNativeTarget section */

/* Begin PBXProject section */
		3903B14C2DD1095A008DEA7E /* Project object */ = {
			isa = PBXProject;
			attributes = {
				BuildIndependentTargetsInParallel = 1;
				LastSwiftUpdateCheck = 1630;
				LastUpgradeCheck = 1630;
				TargetAttributes = {
					3903B1532DD1095A008DEA7E = {
						CreatedOnToolsVersion = 16.3;
					};
					3903B1612DD1095B008DEA7E = {
						CreatedOnToolsVersion = 16.3;
						TestTargetID = 3903B1532DD1095A008DEA7E;
					};
					3903B16B2DD1095B008DEA7E = {
						CreatedOnToolsVersion = 16.3;
						TestTargetID = 3903B1532DD1095A008DEA7E;
					};
				};
			};
			buildConfigurationList = 3903B14F2DD1095A008DEA7E /* Build configuration list for PBXProject "OdooTimer" */;
			developmentRegion = en;
			hasScannedForEncodings = 0;
			knownRegions = (
				en,
				Base,
			);
			mainGroup = 3903B14B2DD1095A008DEA7E;
			minimizedProjectReferenceProxies = 1;
			preferredProjectObjectVersion = 77;
			productRefGroup = 3903B1552DD1095A008DEA7E /* Products */;
			projectDirPath = "";
			projectRoot = "";
			targets = (
				3903B1532DD1095A008DEA7E /* OdooTimer */,
				3903B1612DD1095B008DEA7E /* OdooTimerTests */,
				3903B16B2DD1095B008DEA7E /* OdooTimerUITests */,
			);
		};
/* End PBXProject section */

/* Begin PBXResourcesBuildPhase section */
		3903B1522DD1095A008DEA7E /* Resources */ = {
			isa = PBXResourcesBuildPhase;
			buildActionMask = 2147483647;
			files = (
			);
			runOnlyForDeploymentPostprocessing = 0;
		};
		3903B1602DD1095B008DEA7E /* Resources */ = {
			isa = PBXResourcesBuildPhase;
			buildActionMask = 2147483647;
			files = (
			);
			runOnlyForDeploymentPostprocessing = 0;
		};
		3903B16A2DD1095B008DEA7E /* Resources */ = {
			isa = PBXResourcesBuildPhase;
			buildActionMask = 2147483647;
			files = (
			);
			runOnlyForDeploymentPostprocessing = 0;
		};
/* End PBXResourcesBuildPhase section */

/* Begin PBXSourcesBuildPhase section */
		3903B1502DD1095A008DEA7E /* Sources */ = {
			isa = PBXSourcesBuildPhase;
			buildActionMask = 2147483647;
			files = (
			);
			runOnlyForDeploymentPostprocessing = 0;
		};
		3903B15E2DD1095B008DEA7E /* Sources */ = {
			isa = PBXSourcesBuildPhase;
			buildActionMask = 2147483647;
			files = (
			);
			runOnlyForDeploymentPostprocessing = 0;
		};
		3903B1682DD1095B008DEA7E /* Sources */ = {
			isa = PBXSourcesBuildPhase;
			buildActionMask = 2147483647;
			files = (
			);
			runOnlyForDeploymentPostprocessing = 0;
		};
/* End PBXSourcesBuildPhase section */

/* Begin PBXTargetDependency section */
		3903B1642DD1095B008DEA7E /* PBXTargetDependency */ = {
			isa = PBXTargetDependency;
			target = 3903B1532DD1095A008DEA7E /* OdooTimer */;
			targetProxy = 3903B1632DD1095B008DEA7E /* PBXContainerItemProxy */;
		};
		3903B16E2DD1095B008DEA7E /* PBXTargetDependency */ = {
			isa = PBXTargetDependency;
			target = 3903B1532DD1095A008DEA7E /* OdooTimer */;
			targetProxy = 3903B16D2DD1095B008DEA7E /* PBXContainerItemProxy */;
		};
/* End PBXTargetDependency section */

/* Begin XCBuildConfiguration section */
		3903B1742DD1095B008DEA7E /* Debug */ = {
			isa = XCBuildConfiguration;
			buildSettings = {
				ALWAYS_SEARCH_USER_PATHS = NO;
				ASSETCATALOG_COMPILER_GENERATE_SWIFT_ASSET_SYMBOL_EXTENSIONS = YES;
				CLANG_ANALYZER_NONNULL = YES;
				CLANG_ANALYZER_NUMBER_OBJECT_CONVERSION = YES_AGGRESSIVE;
				CLANG_CXX_LANGUAGE_STANDARD = "gnu++20";
				CLANG_ENABLE_MODULES = YES;
				CLANG_ENABLE_OBJC_ARC = YES;
				CLANG_ENABLE_OBJC_WEAK = YES;
				CLANG_WARN_BLOCK_CAPTURE_AUTORELEASING = YES;
				CLANG_WARN_BOOL_CONVERSION = YES;
				CLANG_WARN_COMMA = YES;
				CLANG_WARN_CONSTANT_CONVERSION = YES;
				CLANG_WARN_DEPRECATED_OBJC_IMPLEMENTATIONS = YES;
				CLANG_WARN_DIRECT_OBJC_ISA_USAGE = YES_ERROR;
				CLANG_WARN_DOCUMENTATION_COMMENTS = YES;
				CLANG_WARN_EMPTY_BODY = YES;
				CLANG_WARN_ENUM_CONVERSION = YES;
				CLANG_WARN_INFINITE_RECURSION = YES;
				CLANG_WARN_INT_CONVERSION = YES;
				CLANG_WARN_NON_LITERAL_NULL_CONVERSION = YES;
				CLANG_WARN_OBJC_IMPLICIT_RETAIN_SELF = YES;
				CLANG_WARN_OBJC_LITERAL_CONVERSION = YES;
				CLANG_WARN_OBJC_ROOT_CLASS = YES_ERROR;
				CLANG_WARN_QUOTED_INCLUDE_IN_FRAMEWORK_HEADER = YES;
				CLANG_WARN_RANGE_LOOP_ANALYSIS = YES;
				CLANG_WARN_STRICT_PROTOTYPES = YES;
				CLANG_WARN_SUSPICIOUS_MOVE = YES;
				CLANG_WARN_UNGUARDED_AVAILABILITY = YES_AGGRESSIVE;
				CLANG_WARN_UNREACHABLE_CODE = YES;
				CLANG_WARN__DUPLICATE_METHOD_MATCH = YES;
				COPY_PHASE_STRIP = NO;
				DEBUG_INFORMATION_FORMAT = dwarf;
				ENABLE_STRICT_OBJC_MSGSEND = YES;
				ENABLE_TESTABILITY = YES;
				ENABLE_USER_SCRIPT_SANDBOXING = YES;
				GCC_C_LANGUAGE_STANDARD = gnu17;
				GCC_DYNAMIC_NO_PIC = NO;
				GCC_NO_COMMON_BLOCKS = YES;
				GCC_OPTIMIZATION_LEVEL = 0;
				GCC_PREPROCESSOR_DEFINITIONS = (
					"DEBUG=1",
					"$(inherited)",
				);
				GCC_WARN_64_TO_32_BIT_CONVERSION = YES;
				GCC_WARN_ABOUT_RETURN_TYPE = YES_ERROR;
				GCC_WARN_UNDECLARED_SELECTOR = YES;
				GCC_WARN_UNINITIALIZED_AUTOS = YES_AGGRESSIVE;
				GCC_WARN_UNUSED_FUNCTION = YES;
				GCC_WARN_UNUSED_VARIABLE = YES;
				LOCALIZATION_PREFERS_STRING_CATALOGS = YES;
				MACOSX_DEPLOYMENT_TARGET = 15.4;
				MTL_ENABLE_DEBUG_INFO = INCLUDE_SOURCE;
				MTL_FAST_MATH = YES;
				ONLY_ACTIVE_ARCH = YES;
				SDKROOT = macosx;
				SWIFT_ACTIVE_COMPILATION_CONDITIONS = "DEBUG $(inherited)";
				SWIFT_OPTIMIZATION_LEVEL = "-Onone";
			};
			name = Debug;
		};
		3903B1752DD1095B008DEA7E /* Release */ = {
			isa = XCBuildConfiguration;
			buildSettings = {
				ALWAYS_SEARCH_USER_PATHS = NO;
				ASSETCATALOG_COMPILER_GENERATE_SWIFT_ASSET_SYMBOL_EXTENSIONS = YES;
				CLANG_ANALYZER_NONNULL = YES;
				CLANG_ANALYZER_NUMBER_OBJECT_CONVERSION = YES_AGGRESSIVE;
				CLANG_CXX_LANGUAGE_STANDARD = "gnu++20";
				CLANG_ENABLE_MODULES = YES;
				CLANG_ENABLE_OBJC_ARC = YES;
				CLANG_ENABLE_OBJC_WEAK = YES;
				CLANG_WARN_BLOCK_CAPTURE_AUTORELEASING = YES;
				CLANG_WARN_BOOL_CONVERSION = YES;
				CLANG_WARN_COMMA = YES;
				CLANG_WARN_CONSTANT_CONVERSION = YES;
				CLANG_WARN_DEPRECATED_OBJC_IMPLEMENTATIONS = YES;
				CLANG_WARN_DIRECT_OBJC_ISA_USAGE = YES_ERROR;
				CLANG_WARN_DOCUMENTATION_COMMENTS = YES;
				CLANG_WARN_EMPTY_BODY = YES;
				CLANG_WARN_ENUM_CONVERSION = YES;
				CLANG_WARN_INFINITE_RECURSION = YES;
				CLANG_WARN_INT_CONVERSION = YES;
				CLANG_WARN_NON_LITERAL_NULL_CONVERSION = YES;
				CLANG_WARN_OBJC_IMPLICIT_RETAIN_SELF = YES;
				CLANG_WARN_OBJC_LITERAL_CONVERSION = YES;
				CLANG_WARN_OBJC_ROOT_CLASS = YES_ERROR;
				CLANG_WARN_QUOTED_INCLUDE_IN_FRAMEWORK_HEADER = YES;
				CLANG_WARN_RANGE_LOOP_ANALYSIS = YES;
				CLANG_WARN_STRICT_PROTOTYPES = YES;
				CLANG_WARN_SUSPICIOUS_MOVE = YES;
				CLANG_WARN_UNGUARDED_AVAILABILITY = YES_AGGRESSIVE;
				CLANG_WARN_UNREACHABLE_CODE = YES;
				CLANG_WARN__DUPLICATE_METHOD_MATCH = YES;
				COPY_PHASE_STRIP = NO;
				DEBUG_INFORMATION_FORMAT = "dwarf-with-dsym";
				ENABLE_NS_ASSERTIONS = NO;
				ENABLE_STRICT_OBJC_MSGSEND = YES;
				ENABLE_USER_SCRIPT_SANDBOXING = YES;
				GCC_C_LANGUAGE_STANDARD = gnu17;
				GCC_NO_COMMON_BLOCKS = YES;
				GCC_WARN_64_TO_32_BIT_CONVERSION = YES;
				GCC_WARN_ABOUT_RETURN_TYPE = YES_ERROR;
				GCC_WARN_UNDECLARED_SELECTOR = YES;
				GCC_WARN_UNINITIALIZED_AUTOS = YES_AGGRESSIVE;
				GCC_WARN_UNUSED_FUNCTION = YES;
				GCC_WARN_UNUSED_VARIABLE = YES;
				LOCALIZATION_PREFERS_STRING_CATALOGS = YES;
				MACOSX_DEPLOYMENT_TARGET = 15.4;
				MTL_ENABLE_DEBUG_INFO = NO;
				MTL_FAST_MATH = YES;
				SDKROOT = macosx;
				SWIFT_COMPILATION_MODE = wholemodule;
			};
			name = Release;
		};
		3903B1772DD1095B008DEA7E /* Debug */ = {
			isa = XCBuildConfiguration;
			buildSettings = {
				ASSETCATALOG_COMPILER_APPICON_NAME = AppIcon;
				ASSETCATALOG_COMPILER_GLOBAL_ACCENT_COLOR_NAME = AccentColor;
				CODE_SIGN_ENTITLEMENTS = OdooTimer/OdooTimer.entitlements;
				CODE_SIGN_STYLE = Automatic;
				COMBINE_HIDPI_IMAGES = YES;
				CURRENT_PROJECT_VERSION = 1;
				ENABLE_PREVIEWS = YES;
				GENERATE_INFOPLIST_FILE = YES;
				INFOPLIST_KEY_NSHumanReadableCopyright = "";
				LD_RUNPATH_SEARCH_PATHS = (
					"$(inherited)",
					"@executable_path/../Frameworks",
				);
				MARKETING_VERSION = 1.0;
				PRODUCT_BUNDLE_IDENTIFIER = fobi.at.OdooTimer;
				PRODUCT_NAME = "$(TARGET_NAME)";
				REGISTER_APP_GROUPS = YES;
				SWIFT_EMIT_LOC_STRINGS = YES;
				SWIFT_VERSION = 5.0;
			};
			name = Debug;
		};
		3903B1782DD1095B008DEA7E /* Release */ = {
			isa = XCBuildConfiguration;
			buildSettings = {
				ASSETCATALOG_COMPILER_APPICON_NAME = AppIcon;
				ASSETCATALOG_COMPILER_GLOBAL_ACCENT_COLOR_NAME = AccentColor;
				CODE_SIGN_ENTITLEMENTS = OdooTimer/OdooTimer.entitlements;
				CODE_SIGN_STYLE = Automatic;
				COMBINE_HIDPI_IMAGES = YES;
				CURRENT_PROJECT_VERSION = 1;
				ENABLE_PREVIEWS = YES;
				GENERATE_INFOPLIST_FILE = YES;
				INFOPLIST_KEY_NSHumanReadableCopyright = "";
				LD_RUNPATH_SEARCH_PATHS = (
					"$(inherited)",
					"@executable_path/../Frameworks",
				);
				MARKETING_VERSION = 1.0;
				PRODUCT_BUNDLE_IDENTIFIER = fobi.at.OdooTimer;
				PRODUCT_NAME = "$(TARGET_NAME)";
				REGISTER_APP_GROUPS = YES;
				SWIFT_EMIT_LOC_STRINGS = YES;
				SWIFT_VERSION = 5.0;
			};
			name = Release;
		};
		3903B17A2DD1095B008DEA7E /* Debug */ = {
			isa = XCBuildConfiguration;
			buildSettings = {
				BUNDLE_LOADER = "$(TEST_HOST)";
				CODE_SIGN_STYLE = Automatic;
				CURRENT_PROJECT_VERSION = 1;
				GENERATE_INFOPLIST_FILE = YES;
				MACOSX_DEPLOYMENT_TARGET = 15.4;
				MARKETING_VERSION = 1.0;
				PRODUCT_BUNDLE_IDENTIFIER = fobi.at.OdooTimerTests;
				PRODUCT_NAME = "$(TARGET_NAME)";
				SWIFT_EMIT_LOC_STRINGS = NO;
				SWIFT_VERSION = 5.0;
				TEST_HOST = "$(BUILT_PRODUCTS_DIR)/OdooTimer.app/$(BUNDLE_EXECUTABLE_FOLDER_PATH)/OdooTimer";
			};
			name = Debug;
		};
		3903B17B2DD1095B008DEA7E /* Release */ = {
			isa = XCBuildConfiguration;
			buildSettings = {
				BUNDLE_LOADER = "$(TEST_HOST)";
				CODE_SIGN_STYLE = Automatic;
				CURRENT_PROJECT_VERSION = 1;
				GENERATE_INFOPLIST_FILE = YES;
				MACOSX_DEPLOYMENT_TARGET = 15.4;
				MARKETING_VERSION = 1.0;
				PRODUCT_BUNDLE_IDENTIFIER = fobi.at.OdooTimerTests;
				PRODUCT_NAME = "$(TARGET_NAME)";
				SWIFT_EMIT_LOC_STRINGS = NO;
				SWIFT_VERSION = 5.0;
				TEST_HOST = "$(BUILT_PRODUCTS_DIR)/OdooTimer.app/$(BUNDLE_EXECUTABLE_FOLDER_PATH)/OdooTimer";
			};
			name = Release;
		};
		3903B17D2DD1095B008DEA7E /* Debug */ = {
			isa = XCBuildConfiguration;
			buildSettings = {
				CODE_SIGN_STYLE = Automatic;
				CURRENT_PROJECT_VERSION = 1;
				GENERATE_INFOPLIST_FILE = YES;
				MARKETING_VERSION = 1.0;
				PRODUCT_BUNDLE_IDENTIFIER = fobi.at.OdooTimerUITests;
				PRODUCT_NAME = "$(TARGET_NAME)";
				SWIFT_EMIT_LOC_STRINGS = NO;
				SWIFT_VERSION = 5.0;
				TEST_TARGET_NAME = OdooTimer;
			};
			name = Debug;
		};
		3903B17E2DD1095B008DEA7E /* Release */ = {
			isa = XCBuildConfiguration;
			buildSettings = {
				CODE_SIGN_STYLE = Automatic;
				CURRENT_PROJECT_VERSION = 1;
				GENERATE_INFOPLIST_FILE = YES;
				MARKETING_VERSION = 1.0;
				PRODUCT_BUNDLE_IDENTIFIER = fobi.at.OdooTimerUITests;
				PRODUCT_NAME = "$(TARGET_NAME)";
				SWIFT_EMIT_LOC_STRINGS = NO;
				SWIFT_VERSION = 5.0;
				TEST_TARGET_NAME = OdooTimer;
			};
			name = Release;
		};
/* End XCBuildConfiguration section */

/* Begin XCConfigurationList section */
		3903B14F2DD1095A008DEA7E /* Build configuration list for PBXProject "OdooTimer" */ = {
			isa = XCConfigurationList;
			buildConfigurations = (
				3903B1742DD1095B008DEA7E /* Debug */,
				3903B1752DD1095B008DEA7E /* Release */,
			);
			defaultConfigurationIsVisible = 0;
			defaultConfigurationName = Release;
		};
		3903B1762DD1095B008DEA7E /* Build configuration list for PBXNativeTarget "OdooTimer" */ = {
			isa = XCConfigurationList;
			buildConfigurations = (
				3903B1772DD1095B008DEA7E /* Debug */,
				3903B1782DD1095B008DEA7E /* Release */,
			);
			defaultConfigurationIsVisible = 0;
			defaultConfigurationName = Release;
		};
		3903B1792DD1095B008DEA7E /* Build configuration list for PBXNativeTarget "OdooTimerTests" */ = {
			isa = XCConfigurationList;
			buildConfigurations = (
				3903B17A2DD1095B008DEA7E /* Debug */,
				3903B17B2DD1095B008DEA7E /* Release */,
			);
			defaultConfigurationIsVisible = 0;
			defaultConfigurationName = Release;
		};
		3903B17C2DD1095B008DEA7E /* Build configuration list for PBXNativeTarget "OdooTimerUITests" */ = {
			isa = XCConfigurationList;
			buildConfigurations = (
				3903B17D2DD1095B008DEA7E /* Debug */,
				3903B17E2DD1095B008DEA7E /* Release */,
			);
			defaultConfigurationIsVisible = 0;
			defaultConfigurationName = Release;
		};
/* End XCConfigurationList section */
	};
	rootObject = 3903B14C2DD1095A008DEA7E /* Project object */;
}
